
Microsoft Visual Studio Solution File, Format Version 12.00
# Visual Studio Version 17
VisualStudioVersion = 17.0.31903.59
MinimumVisualStudioVersion = 10.0.40219.1
Project("{9A19103F-16F7-4668-BE54-9A1E7A4F7556}") = "SteamCMD GUI", "SteamCMD GUI\SteamCMD GUI.csproj", "{8D3A8941-3CF2-4678-89B5-C866CE7FD4AB}"
EndProject
Project("{FAE04EC0-301F-11D3-BF4B-00C04F79EFBC}") = "SteamCMD_GUI.Tests", "SteamCMD_GUI.Tests\SteamCMD_GUI.Tests.csproj", "{F4E7ADCB-76AC-4EA8-BC16-8B2E9E06513D}"
EndProject
Global
	GlobalSection(SolutionConfigurationPlatforms) = preSolution
		Debug|Any CPU = Debug|Any CPU
		Debug|x64 = Debug|x64
		Debug|x86 = Debug|x86
		Release|Any CPU = Release|Any CPU
		Release|x64 = Release|x64
		Release|x86 = Release|x86
	EndGlobalSection
	GlobalSection(ProjectConfigurationPlatforms) = postSolution
		{8D3A8941-3CF2-4678-89B5-C866CE7FD4AB}.Debug|Any CPU.ActiveCfg = Debug|Any CPU
		{8D3A8941-3CF2-4678-89B5-C866CE7FD4AB}.Debug|Any CPU.Build.0 = Debug|Any CPU
		{8D3A8941-3CF2-4678-89B5-C866CE7FD4AB}.Debug|x64.ActiveCfg = Debug|Any CPU
		{8D3A8941-3CF2-4678-89B5-C866CE7FD4AB}.Debug|x64.Build.0 = Debug|Any CPU
		{8D3A8941-3CF2-4678-89B5-C866CE7FD4AB}.Debug|x86.ActiveCfg = Debug|Any CPU
		{8D3A8941-3CF2-4678-89B5-C866CE7FD4AB}.Debug|x86.Build.0 = Debug|Any CPU
		{8D3A8941-3CF2-4678-89B5-C866CE7FD4AB}.Release|Any CPU.ActiveCfg = Release|Any CPU
		{8D3A8941-3CF2-4678-89B5-C866CE7FD4AB}.Release|Any CPU.Build.0 = Release|Any CPU
		{8D3A8941-3CF2-4678-89B5-C866CE7FD4AB}.Release|x64.ActiveCfg = Release|Any CPU
		{8D3A8941-3CF2-4678-89B5-C866CE7FD4AB}.Release|x64.Build.0 = Release|Any CPU
		{8D3A8941-3CF2-4678-89B5-C866CE7FD4AB}.Release|x86.ActiveCfg = Release|Any CPU
		{8D3A8941-3CF2-4678-89B5-C866CE7FD4AB}.Release|x86.Build.0 = Release|Any CPU
		{F4E7ADCB-76AC-4EA8-BC16-8B2E9E06513D}.Debug|Any CPU.ActiveCfg = Debug|Any CPU
		{F4E7ADCB-76AC-4EA8-BC16-8B2E9E06513D}.Debug|Any CPU.Build.0 = Debug|Any CPU
		{F4E7ADCB-76AC-4EA8-BC16-8B2E9E06513D}.Debug|x64.ActiveCfg = Debug|Any CPU
		{F4E7ADCB-76AC-4EA8-BC16-8B2E9E06513D}.Debug|x64.Build.0 = Debug|Any CPU
		{F4E7ADCB-76AC-4EA8-BC16-8B2E9E06513D}.Debug|x86.ActiveCfg = Debug|Any CPU
		{F4E7ADCB-76AC-4EA8-BC16-8B2E9E06513D}.Debug|x86.Build.0 = Debug|Any CPU
		{F4E7ADCB-76AC-4EA8-BC16-8B2E9E06513D}.Release|Any CPU.ActiveCfg = Release|Any CPU
		{F4E7ADCB-76AC-4EA8-BC16-8B2E9E06513D}.Release|Any CPU.Build.0 = Release|Any CPU
		{F4E7ADCB-76AC-4EA8-BC16-8B2E9E06513D}.Release|x64.ActiveCfg = Release|Any CPU
		{F4E7ADCB-76AC-4EA8-BC16-8B2E9E06513D}.Release|x64.Build.0 = Release|Any CPU
		{F4E7ADCB-76AC-4EA8-BC16-8B2E9E06513D}.Release|x86.ActiveCfg = Release|Any CPU
		{F4E7ADCB-76AC-4EA8-BC16-8B2E9E06513D}.Release|x86.Build.0 = Release|Any CPU
	EndGlobalSection
	GlobalSection(SolutionProperties) = preSolution
		HideSolutionNode = FALSE
	EndGlobalSection
EndGlobal
